
Microsoft Visual Studio Solution File, Format Version 12.00
# Visual Studio Version 16
VisualStudioVersion = 16.0.30204.135
MinimumVisualStudioVersion = 10.0.40219.1
Project("{FAE04EC0-301F-11D3-BF4B-00C04F79EFBC}") = "MostFrequentWordsinFIles", "MostFrequentWordsinFIles\MostFrequentWordsinFIles.csproj", "{A373F7B1-34BF-4AAF-8E3C-C397C8A4CB82}"
EndProject
Global
	GlobalSection(SolutionConfigurationPlatforms) = preSolution
		Debug|Any CPU = Debug|Any CPU
		Release|Any CPU = Release|Any CPU
	EndGlobalSection
	GlobalSection(ProjectConfigurationPlatforms) = postSolution
		{A373F7B1-34BF-4AAF-8E3C-C397C8A4CB82}.Debug|Any CPU.ActiveCfg = Debug|Any CPU
		{A373F7B1-34BF-4AAF-8E3C-C397C8A4CB82}.Debug|Any CPU.Build.0 = Debug|Any CPU
		{A373F7B1-34BF-4AAF-8E3C-C397C8A4CB82}.Release|Any CPU.ActiveCfg = Release|Any CPU
		{A373F7B1-34BF-4AAF-8E3C-C397C8A4CB82}.Release|Any CPU.Build.0 = Release|Any CPU
	EndGlobalSection
	GlobalSection(SolutionProperties) = preSolution
		HideSolutionNode = FALSE
	EndGlobalSection
	GlobalSection(ExtensibilityGlobals) = postSolution
		SolutionGuid = {A7871F47-4E54-4448-8A40-0C7B47079C31}
	EndGlobalSection
EndGlobal
